// !$*UTF8*$!
{
	archiveVersion = 1;
	classes = {
	};
	objectVersion = 55;
	objects = {

/* Begin PBXBuildFile section */
		9AB70A7F2854D38800ED2CE9 /* SearchHistoryRecording.swift in Sources */ = {isa = PBXBuildFile; fileRef = 9AB70A742854D38800ED2CE9 /* SearchHistoryRecording.swift */; };
		9AB70A802854D38800ED2CE9 /* SearchViewModel.swift in Sources */ = {isa = PBXBuildFile; fileRef = 9AB70A752854D38800ED2CE9 /* SearchViewModel.swift */; };
		9AB70A812854D38800ED2CE9 /* SearchHistoryRecorder.swift in Sources */ = {isa = PBXBuildFile; fileRef = 9AB70A762854D38800ED2CE9 /* SearchHistoryRecorder.swift */; };
		9AB70A822854D38800ED2CE9 /* SearchViewController.swift in Sources */ = {isa = PBXBuildFile; fileRef = 9AB70A782854D38800ED2CE9 /* SearchViewController.swift */; };
		9AB70A832854D38800ED2CE9 /* SearchHistoryCell.swift in Sources */ = {isa = PBXBuildFile; fileRef = 9AB70A792854D38800ED2CE9 /* SearchHistoryCell.swift */; };
		9AB70A842854D38800ED2CE9 /* SearchFactory.swift in Sources */ = {isa = PBXBuildFile; fileRef = 9AB70A7B2854D38800ED2CE9 /* SearchFactory.swift */; };
		9AB70A852854D38800ED2CE9 /* SearchRouting.swift in Sources */ = {isa = PBXBuildFile; fileRef = 9AB70A7D2854D38800ED2CE9 /* SearchRouting.swift */; };
		9AB70A862854D38800ED2CE9 /* SearchRouter.swift in Sources */ = {isa = PBXBuildFile; fileRef = 9AB70A7E2854D38800ED2CE9 /* SearchRouter.swift */; };
		9AB70A892854D60300ED2CE9 /* SearchHistoryRecord.swift in Sources */ = {isa = PBXBuildFile; fileRef = 9AB70A882854D60300ED2CE9 /* SearchHistoryRecord.swift */; };
		9AB70AA32855FA2D00ED2CE9 /* SearchResultsViewModelTests.swift in Sources */ = {isa = PBXBuildFile; fileRef = 9AB70A9A2855FA2D00ED2CE9 /* SearchResultsViewModelTests.swift */; };
		9AB70AA42855FA2D00ED2CE9 /* SearchResultModelTests.swift in Sources */ = {isa = PBXBuildFile; fileRef = 9AB70A9C2855FA2D00ED2CE9 /* SearchResultModelTests.swift */; };
		9AB70AA52855FA2D00ED2CE9 /* RequestingMock.swift in Sources */ = {isa = PBXBuildFile; fileRef = 9AB70A9E2855FA2D00ED2CE9 /* RequestingMock.swift */; };
		9AB70AA62855FA2D00ED2CE9 /* SearchResultsServiceTests.swift in Sources */ = {isa = PBXBuildFile; fileRef = 9AB70A9F2855FA2D00ED2CE9 /* SearchResultsServiceTests.swift */; };
		9AB70AA72855FA2D00ED2CE9 /* SearchViewModelTests.swift in Sources */ = {isa = PBXBuildFile; fileRef = 9AB70AA22855FA2D00ED2CE9 /* SearchViewModelTests.swift */; };
		9AB70AAA2855FB4300ED2CE9 /* AutoMockable.generated.swift in Sources */ = {isa = PBXBuildFile; fileRef = 9AB70AA92855FB4300ED2CE9 /* AutoMockable.generated.swift */; };
		9AEE8045285358C90063A24C /* AppDelegate.swift in Sources */ = {isa = PBXBuildFile; fileRef = 9AEE8044285358C90063A24C /* AppDelegate.swift */; };
		9AEE8047285358C90063A24C /* SceneDelegate.swift in Sources */ = {isa = PBXBuildFile; fileRef = 9AEE8046285358C90063A24C /* SceneDelegate.swift */; };
		9AEE804E285358CA0063A24C /* Assets.xcassets in Resources */ = {isa = PBXBuildFile; fileRef = 9AEE804D285358CA0063A24C /* Assets.xcassets */; };
		9AEE8051285358CA0063A24C /* LaunchScreen.storyboard in Resources */ = {isa = PBXBuildFile; fileRef = 9AEE804F285358CA0063A24C /* LaunchScreen.storyboard */; };
		9AEE806328536EAB0063A24C /* Networking in Frameworks */ = {isa = PBXBuildFile; productRef = 9AEE806228536EAB0063A24C /* Networking */; };
		9AEE806628537BE70063A24C /* ImageLoading in Frameworks */ = {isa = PBXBuildFile; productRef = 9AEE806528537BE70063A24C /* ImageLoading */; };
		9AEE80B328537DB20063A24C /* SearchResultsViewModel.swift in Sources */ = {isa = PBXBuildFile; fileRef = 9AEE80A228537DB20063A24C /* SearchResultsViewModel.swift */; };
		9AEE80B428537DB20063A24C /* SearchResultModel.swift in Sources */ = {isa = PBXBuildFile; fileRef = 9AEE80A428537DB20063A24C /* SearchResultModel.swift */; };
		9AEE80B528537DB20063A24C /* SearchResultsViewController.swift in Sources */ = {isa = PBXBuildFile; fileRef = 9AEE80A628537DB20063A24C /* SearchResultsViewController.swift */; };
		9AEE80B628537DB20063A24C /* SearchResultPresentable.swift in Sources */ = {isa = PBXBuildFile; fileRef = 9AEE80A728537DB20063A24C /* SearchResultPresentable.swift */; };
		9AEE80B728537DB20063A24C /* SearchResultsPlaceholderView.swift in Sources */ = {isa = PBXBuildFile; fileRef = 9AEE80A828537DB20063A24C /* SearchResultsPlaceholderView.swift */; };
		9AEE80B828537DB20063A24C /* SearchResultsCell.swift in Sources */ = {isa = PBXBuildFile; fileRef = 9AEE80A928537DB20063A24C /* SearchResultsCell.swift */; };
		9AEE80B928537DB20063A24C /* SearchResultsService.swift in Sources */ = {isa = PBXBuildFile; fileRef = 9AEE80AB28537DB20063A24C /* SearchResultsService.swift */; };
		9AEE80BA28537DB20063A24C /* FlickrSearchRequest.swift in Sources */ = {isa = PBXBuildFile; fileRef = 9AEE80AC28537DB20063A24C /* FlickrSearchRequest.swift */; };
		9AEE80BB28537DB20063A24C /* SearchResultsRequesting.swift in Sources */ = {isa = PBXBuildFile; fileRef = 9AEE80AD28537DB20063A24C /* SearchResultsRequesting.swift */; };
		9AEE80BC28537DB20063A24C /* SearchResultsFactory.swift in Sources */ = {isa = PBXBuildFile; fileRef = 9AEE80AF28537DB20063A24C /* SearchResultsFactory.swift */; };
		9AEE80BD28537DB20063A24C /* SearchResultsRouting.swift in Sources */ = {isa = PBXBuildFile; fileRef = 9AEE80B128537DB20063A24C /* SearchResultsRouting.swift */; };
		9AEE80BE28537DB20063A24C /* SearchResultsRouter.swift in Sources */ = {isa = PBXBuildFile; fileRef = 9AEE80B228537DB20063A24C /* SearchResultsRouter.swift */; };
		9AEE80C428537E940063A24C /* ObservablePropertyWrapper.swift in Sources */ = {isa = PBXBuildFile; fileRef = 9AEE80C128537E940063A24C /* ObservablePropertyWrapper.swift */; };
		9AEE80C528537E940063A24C /* UIView+ReuseIdentifier.swift in Sources */ = {isa = PBXBuildFile; fileRef = 9AEE80C328537E940063A24C /* UIView+ReuseIdentifier.swift */; };
/* End PBXBuildFile section */

/* Begin PBXContainerItemProxy section */
		9AB70A922855F9F700ED2CE9 /* PBXContainerItemProxy */ = {
			isa = PBXContainerItemProxy;
			containerPortal = 9AEE8039285358C90063A24C /* Project object */;
			proxyType = 1;
			remoteGlobalIDString = 9AEE8040285358C90063A24C;
			remoteInfo = flickrgram;
		};
/* End PBXContainerItemProxy section */

/* Begin PBXFileReference section */
		9AB70A742854D38800ED2CE9 /* SearchHistoryRecording.swift */ = {isa = PBXFileReference; fileEncoding = 4; lastKnownFileType = sourcecode.swift; path = SearchHistoryRecording.swift; sourceTree = "<group>"; };
		9AB70A752854D38800ED2CE9 /* SearchViewModel.swift */ = {isa = PBXFileReference; fileEncoding = 4; lastKnownFileType = sourcecode.swift; path = SearchViewModel.swift; sourceTree = "<group>"; };
		9AB70A762854D38800ED2CE9 /* SearchHistoryRecorder.swift */ = {isa = PBXFileReference; fileEncoding = 4; lastKnownFileType = sourcecode.swift; path = SearchHistoryRecorder.swift; sourceTree = "<group>"; };
		9AB70A782854D38800ED2CE9 /* SearchViewController.swift */ = {isa = PBXFileReference; fileEncoding = 4; lastKnownFileType = sourcecode.swift; path = SearchViewController.swift; sourceTree = "<group>"; };
		9AB70A792854D38800ED2CE9 /* SearchHistoryCell.swift */ = {isa = PBXFileReference; fileEncoding = 4; lastKnownFileType = sourcecode.swift; path = SearchHistoryCell.swift; sourceTree = "<group>"; };
		9AB70A7B2854D38800ED2CE9 /* SearchFactory.swift */ = {isa = PBXFileReference; fileEncoding = 4; lastKnownFileType = sourcecode.swift; path = SearchFactory.swift; sourceTree = "<group>"; };
		9AB70A7D2854D38800ED2CE9 /* SearchRouting.swift */ = {isa = PBXFileReference; fileEncoding = 4; lastKnownFileType = sourcecode.swift; path = SearchRouting.swift; sourceTree = "<group>"; };
		9AB70A7E2854D38800ED2CE9 /* SearchRouter.swift */ = {isa = PBXFileReference; fileEncoding = 4; lastKnownFileType = sourcecode.swift; path = SearchRouter.swift; sourceTree = "<group>"; };
		9AB70A882854D60300ED2CE9 /* SearchHistoryRecord.swift */ = {isa = PBXFileReference; lastKnownFileType = sourcecode.swift; path = SearchHistoryRecord.swift; sourceTree = "<group>"; };
		9AB70A8E2855F9F700ED2CE9 /* flickrgramTests.xctest */ = {isa = PBXFileReference; explicitFileType = wrapper.cfbundle; includeInIndex = 0; path = flickrgramTests.xctest; sourceTree = BUILT_PRODUCTS_DIR; };
		9AB70A9A2855FA2D00ED2CE9 /* SearchResultsViewModelTests.swift */ = {isa = PBXFileReference; fileEncoding = 4; lastKnownFileType = sourcecode.swift; path = SearchResultsViewModelTests.swift; sourceTree = "<group>"; };
		9AB70A9C2855FA2D00ED2CE9 /* SearchResultModelTests.swift */ = {isa = PBXFileReference; fileEncoding = 4; lastKnownFileType = sourcecode.swift; path = SearchResultModelTests.swift; sourceTree = "<group>"; };
		9AB70A9E2855FA2D00ED2CE9 /* RequestingMock.swift */ = {isa = PBXFileReference; fileEncoding = 4; lastKnownFileType = sourcecode.swift; path = RequestingMock.swift; sourceTree = "<group>"; };
		9AB70A9F2855FA2D00ED2CE9 /* SearchResultsServiceTests.swift */ = {isa = PBXFileReference; fileEncoding = 4; lastKnownFileType = sourcecode.swift; path = SearchResultsServiceTests.swift; sourceTree = "<group>"; };
		9AB70AA22855FA2D00ED2CE9 /* SearchViewModelTests.swift */ = {isa = PBXFileReference; fileEncoding = 4; lastKnownFileType = sourcecode.swift; path = SearchViewModelTests.swift; sourceTree = "<group>"; };
		9AB70AA92855FB4300ED2CE9 /* AutoMockable.generated.swift */ = {isa = PBXFileReference; fileEncoding = 4; lastKnownFileType = sourcecode.swift; path = AutoMockable.generated.swift; sourceTree = "<group>"; };
		9AEE8041285358C90063A24C /* flickrgram.app */ = {isa = PBXFileReference; explicitFileType = wrapper.application; includeInIndex = 0; path = flickrgram.app; sourceTree = BUILT_PRODUCTS_DIR; };
		9AEE8044285358C90063A24C /* AppDelegate.swift */ = {isa = PBXFileReference; lastKnownFileType = sourcecode.swift; path = AppDelegate.swift; sourceTree = "<group>"; };
		9AEE8046285358C90063A24C /* SceneDelegate.swift */ = {isa = PBXFileReference; lastKnownFileType = sourcecode.swift; path = SceneDelegate.swift; sourceTree = "<group>"; };
		9AEE804D285358CA0063A24C /* Assets.xcassets */ = {isa = PBXFileReference; lastKnownFileType = folder.assetcatalog; path = Assets.xcassets; sourceTree = "<group>"; };
		9AEE8050285358CA0063A24C /* Base */ = {isa = PBXFileReference; lastKnownFileType = file.storyboard; name = Base; path = Base.lproj/LaunchScreen.storyboard; sourceTree = "<group>"; };
		9AEE8052285358CA0063A24C /* Info.plist */ = {isa = PBXFileReference; lastKnownFileType = text.plist.xml; path = Info.plist; sourceTree = "<group>"; };
		9AEE806128536E5C0063A24C /* Networking */ = {isa = PBXFileReference; lastKnownFileType = folder; name = Networking; path = ../Networking; sourceTree = "<group>"; };
		9AEE806428537B910063A24C /* ImageLoading */ = {isa = PBXFileReference; lastKnownFileType = folder; name = ImageLoading; path = ../ImageLoading; sourceTree = "<group>"; };
		9AEE80A228537DB20063A24C /* SearchResultsViewModel.swift */ = {isa = PBXFileReference; fileEncoding = 4; lastKnownFileType = sourcecode.swift; path = SearchResultsViewModel.swift; sourceTree = "<group>"; };
		9AEE80A428537DB20063A24C /* SearchResultModel.swift */ = {isa = PBXFileReference; fileEncoding = 4; lastKnownFileType = sourcecode.swift; path = SearchResultModel.swift; sourceTree = "<group>"; };
		9AEE80A628537DB20063A24C /* SearchResultsViewController.swift */ = {isa = PBXFileReference; fileEncoding = 4; lastKnownFileType = sourcecode.swift; path = SearchResultsViewController.swift; sourceTree = "<group>"; };
		9AEE80A728537DB20063A24C /* SearchResultPresentable.swift */ = {isa = PBXFileReference; fileEncoding = 4; lastKnownFileType = sourcecode.swift; path = SearchResultPresentable.swift; sourceTree = "<group>"; };
		9AEE80A828537DB20063A24C /* SearchResultsPlaceholderView.swift */ = {isa = PBXFileReference; fileEncoding = 4; lastKnownFileType = sourcecode.swift; path = SearchResultsPlaceholderView.swift; sourceTree = "<group>"; };
		9AEE80A928537DB20063A24C /* SearchResultsCell.swift */ = {isa = PBXFileReference; fileEncoding = 4; lastKnownFileType = sourcecode.swift; path = SearchResultsCell.swift; sourceTree = "<group>"; };
		9AEE80AB28537DB20063A24C /* SearchResultsService.swift */ = {isa = PBXFileReference; fileEncoding = 4; lastKnownFileType = sourcecode.swift; path = SearchResultsService.swift; sourceTree = "<group>"; };
		9AEE80AC28537DB20063A24C /* FlickrSearchRequest.swift */ = {isa = PBXFileReference; fileEncoding = 4; lastKnownFileType = sourcecode.swift; path = FlickrSearchRequest.swift; sourceTree = "<group>"; };
		9AEE80AD28537DB20063A24C /* SearchResultsRequesting.swift */ = {isa = PBXFileReference; fileEncoding = 4; lastKnownFileType = sourcecode.swift; path = SearchResultsRequesting.swift; sourceTree = "<group>"; };
		9AEE80AF28537DB20063A24C /* SearchResultsFactory.swift */ = {isa = PBXFileReference; fileEncoding = 4; lastKnownFileType = sourcecode.swift; path = SearchResultsFactory.swift; sourceTree = "<group>"; };
		9AEE80B128537DB20063A24C /* SearchResultsRouting.swift */ = {isa = PBXFileReference; fileEncoding = 4; lastKnownFileType = sourcecode.swift; path = SearchResultsRouting.swift; sourceTree = "<group>"; };
		9AEE80B228537DB20063A24C /* SearchResultsRouter.swift */ = {isa = PBXFileReference; fileEncoding = 4; lastKnownFileType = sourcecode.swift; path = SearchResultsRouter.swift; sourceTree = "<group>"; };
		9AEE80C128537E940063A24C /* ObservablePropertyWrapper.swift */ = {isa = PBXFileReference; fileEncoding = 4; lastKnownFileType = sourcecode.swift; path = ObservablePropertyWrapper.swift; sourceTree = "<group>"; };
		9AEE80C328537E940063A24C /* UIView+ReuseIdentifier.swift */ = {isa = PBXFileReference; fileEncoding = 4; lastKnownFileType = sourcecode.swift; path = "UIView+ReuseIdentifier.swift"; sourceTree = "<group>"; };
/* End PBXFileReference section */

/* Begin PBXFrameworksBuildPhase section */
		9AB70A8B2855F9F700ED2CE9 /* Frameworks */ = {
			isa = PBXFrameworksBuildPhase;
			buildActionMask = 2147483647;
			files = (
			);
			runOnlyForDeploymentPostprocessing = 0;
		};
		9AEE803E285358C90063A24C /* Frameworks */ = {
			isa = PBXFrameworksBuildPhase;
			buildActionMask = 2147483647;
			files = (
				9AEE806328536EAB0063A24C /* Networking in Frameworks */,
				9AEE806628537BE70063A24C /* ImageLoading in Frameworks */,
			);
			runOnlyForDeploymentPostprocessing = 0;
		};
/* End PBXFrameworksBuildPhase section */

/* Begin PBXGroup section */
		9AB70A722854D38800ED2CE9 /* Search */ = {
			isa = PBXGroup;
			children = (
				9AB70A7A2854D38800ED2CE9 /* Factory */,
				9AB70A872854D5F000ED2CE9 /* Model */,
				9AB70A7C2854D38800ED2CE9 /* Router */,
				9AB70A772854D38800ED2CE9 /* View */,
				9AB70A732854D38800ED2CE9 /* ViewModel */,
			);
			path = Search;
			sourceTree = "<group>";
		};
		9AB70A732854D38800ED2CE9 /* ViewModel */ = {
			isa = PBXGroup;
			children = (
				9AB70A762854D38800ED2CE9 /* SearchHistoryRecorder.swift */,
				9AB70A742854D38800ED2CE9 /* SearchHistoryRecording.swift */,
				9AB70A752854D38800ED2CE9 /* SearchViewModel.swift */,
			);
			path = ViewModel;
			sourceTree = "<group>";
		};
		9AB70A772854D38800ED2CE9 /* View */ = {
			isa = PBXGroup;
			children = (
				9AB70A792854D38800ED2CE9 /* SearchHistoryCell.swift */,
				9AB70A782854D38800ED2CE9 /* SearchViewController.swift */,
			);
			path = View;
			sourceTree = "<group>";
		};
		9AB70A7A2854D38800ED2CE9 /* Factory */ = {
			isa = PBXGroup;
			children = (
				9AB70A7B2854D38800ED2CE9 /* SearchFactory.swift */,
			);
			path = Factory;
			sourceTree = "<group>";
		};
		9AB70A7C2854D38800ED2CE9 /* Router */ = {
			isa = PBXGroup;
			children = (
				9AB70A7E2854D38800ED2CE9 /* SearchRouter.swift */,
				9AB70A7D2854D38800ED2CE9 /* SearchRouting.swift */,
			);
			path = Router;
			sourceTree = "<group>";
		};
		9AB70A872854D5F000ED2CE9 /* Model */ = {
			isa = PBXGroup;
			children = (
				9AB70A882854D60300ED2CE9 /* SearchHistoryRecord.swift */,
			);
			path = Model;
			sourceTree = "<group>";
		};
		9AB70A8F2855F9F700ED2CE9 /* flickrgramTests */ = {
			isa = PBXGroup;
			children = (
				9AB70AA92855FB4300ED2CE9 /* AutoMockable.generated.swift */,
				9AB70A972855FA2D00ED2CE9 /* Screens */,
			);
			path = flickrgramTests;
			sourceTree = "<group>";
		};
		9AB70A972855FA2D00ED2CE9 /* Screens */ = {
			isa = PBXGroup;
			children = (
				9AB70AA02855FA2D00ED2CE9 /* Search */,
				9AB70A982855FA2D00ED2CE9 /* SearchResults */,
			);
			path = Screens;
			sourceTree = "<group>";
		};
		9AB70A982855FA2D00ED2CE9 /* SearchResults */ = {
			isa = PBXGroup;
			children = (
				9AB70A9B2855FA2D00ED2CE9 /* Model */,
				9AB70A9D2855FA2D00ED2CE9 /* Service */,
				9AB70A992855FA2D00ED2CE9 /* ViewModel */,
			);
			path = SearchResults;
			sourceTree = "<group>";
		};
		9AB70A992855FA2D00ED2CE9 /* ViewModel */ = {
			isa = PBXGroup;
			children = (
				9AB70A9A2855FA2D00ED2CE9 /* SearchResultsViewModelTests.swift */,
			);
			path = ViewModel;
			sourceTree = "<group>";
		};
		9AB70A9B2855FA2D00ED2CE9 /* Model */ = {
			isa = PBXGroup;
			children = (
				9AB70A9C2855FA2D00ED2CE9 /* SearchResultModelTests.swift */,
			);
			path = Model;
			sourceTree = "<group>";
		};
		9AB70A9D2855FA2D00ED2CE9 /* Service */ = {
			isa = PBXGroup;
			children = (
				9AB70A9E2855FA2D00ED2CE9 /* RequestingMock.swift */,
				9AB70A9F2855FA2D00ED2CE9 /* SearchResultsServiceTests.swift */,
			);
			path = Service;
			sourceTree = "<group>";
		};
		9AB70AA02855FA2D00ED2CE9 /* Search */ = {
			isa = PBXGroup;
			children = (
				9AB70AA12855FA2D00ED2CE9 /* ViewModel */,
			);
			path = Search;
			sourceTree = "<group>";
		};
		9AB70AA12855FA2D00ED2CE9 /* ViewModel */ = {
			isa = PBXGroup;
			children = (
				9AB70AA22855FA2D00ED2CE9 /* SearchViewModelTests.swift */,
			);
			path = ViewModel;
			sourceTree = "<group>";
		};
		9AEE8038285358C90063A24C = {
			isa = PBXGroup;
			children = (
				9AEE805A285361780063A24C /* Packages */,
				9AEE8043285358C90063A24C /* flickrgram */,
				9AB70A8F2855F9F700ED2CE9 /* flickrgramTests */,
				9AEE8042285358C90063A24C /* Products */,
				9AEE805C285361870063A24C /* Frameworks */,
			);
			sourceTree = "<group>";
		};
		9AEE8042285358C90063A24C /* Products */ = {
			isa = PBXGroup;
			children = (
				9AEE8041285358C90063A24C /* flickrgram.app */,
				9AB70A8E2855F9F700ED2CE9 /* flickrgramTests.xctest */,
			);
			name = Products;
			sourceTree = "<group>";
		};
		9AEE8043285358C90063A24C /* flickrgram */ = {
			isa = PBXGroup;
			children = (
				9AEE8058285359760063A24C /* App */,
				9AEE80BF28537E940063A24C /* Helpers */,
				9AEE80592853597C0063A24C /* Resources */,
				9AEE806B28537D5A0063A24C /* Screens */,
			);
			path = flickrgram;
			sourceTree = "<group>";
		};
		9AEE8058285359760063A24C /* App */ = {
			isa = PBXGroup;
			children = (
				9AEE8044285358C90063A24C /* AppDelegate.swift */,
				9AEE8046285358C90063A24C /* SceneDelegate.swift */,
			);
			path = App;
			sourceTree = "<group>";
		};
		9AEE80592853597C0063A24C /* Resources */ = {
			isa = PBXGroup;
			children = (
				9AEE804D285358CA0063A24C /* Assets.xcassets */,
				9AEE8052285358CA0063A24C /* Info.plist */,
				9AEE804F285358CA0063A24C /* LaunchScreen.storyboard */,
			);
			path = Resources;
			sourceTree = "<group>";
		};
		9AEE805A285361780063A24C /* Packages */ = {
			isa = PBXGroup;
			children = (
				9AEE806128536E5C0063A24C /* Networking */,
				9AEE806428537B910063A24C /* ImageLoading */,
			);
			name = Packages;
			sourceTree = "<group>";
		};
		9AEE805C285361870063A24C /* Frameworks */ = {
			isa = PBXGroup;
			children = (
			);
			name = Frameworks;
			sourceTree = "<group>";
		};
		9AEE806B28537D5A0063A24C /* Screens */ = {
			isa = PBXGroup;
			children = (
				9AB70A722854D38800ED2CE9 /* Search */,
				9AEE80A028537DB20063A24C /* SearchResults */,
			);
			path = Screens;
			sourceTree = "<group>";
		};
		9AEE80A028537DB20063A24C /* SearchResults */ = {
			isa = PBXGroup;
			children = (
				9AEE80AE28537DB20063A24C /* Factory */,
				9AEE80A328537DB20063A24C /* Model */,
				9AEE80B028537DB20063A24C /* Router */,
				9AEE80AA28537DB20063A24C /* Service */,
				9AEE80A528537DB20063A24C /* View */,
				9AEE80A128537DB20063A24C /* ViewModel */,
			);
			path = SearchResults;
			sourceTree = "<group>";
		};
		9AEE80A128537DB20063A24C /* ViewModel */ = {
			isa = PBXGroup;
			children = (
				9AEE80A228537DB20063A24C /* SearchResultsViewModel.swift */,
			);
			path = ViewModel;
			sourceTree = "<group>";
		};
		9AEE80A328537DB20063A24C /* Model */ = {
			isa = PBXGroup;
			children = (
				9AEE80A428537DB20063A24C /* SearchResultModel.swift */,
			);
			path = Model;
			sourceTree = "<group>";
		};
		9AEE80A528537DB20063A24C /* View */ = {
			isa = PBXGroup;
			children = (
				9AEE80A728537DB20063A24C /* SearchResultPresentable.swift */,
				9AEE80A928537DB20063A24C /* SearchResultsCell.swift */,
				9AEE80A828537DB20063A24C /* SearchResultsPlaceholderView.swift */,
				9AEE80A628537DB20063A24C /* SearchResultsViewController.swift */,
			);
			path = View;
			sourceTree = "<group>";
		};
		9AEE80AA28537DB20063A24C /* Service */ = {
			isa = PBXGroup;
			children = (
				9AEE80AC28537DB20063A24C /* FlickrSearchRequest.swift */,
				9AEE80AD28537DB20063A24C /* SearchResultsRequesting.swift */,
				9AEE80AB28537DB20063A24C /* SearchResultsService.swift */,
			);
			path = Service;
			sourceTree = "<group>";
		};
		9AEE80AE28537DB20063A24C /* Factory */ = {
			isa = PBXGroup;
			children = (
				9AEE80AF28537DB20063A24C /* SearchResultsFactory.swift */,
			);
			path = Factory;
			sourceTree = "<group>";
		};
		9AEE80B028537DB20063A24C /* Router */ = {
			isa = PBXGroup;
			children = (
				9AEE80B228537DB20063A24C /* SearchResultsRouter.swift */,
				9AEE80B128537DB20063A24C /* SearchResultsRouting.swift */,
			);
			path = Router;
			sourceTree = "<group>";
		};
		9AEE80BF28537E940063A24C /* Helpers */ = {
			isa = PBXGroup;
			children = (
				9AEE80C028537E940063A24C /* PropertyWrappers */,
				9AEE80C228537E940063A24C /* UIView */,
			);
			path = Helpers;
			sourceTree = "<group>";
		};
		9AEE80C028537E940063A24C /* PropertyWrappers */ = {
			isa = PBXGroup;
			children = (
				9AEE80C128537E940063A24C /* ObservablePropertyWrapper.swift */,
			);
			path = PropertyWrappers;
			sourceTree = "<group>";
		};
		9AEE80C228537E940063A24C /* UIView */ = {
			isa = PBXGroup;
			children = (
				9AEE80C328537E940063A24C /* UIView+ReuseIdentifier.swift */,
			);
			path = UIView;
			sourceTree = "<group>";
		};
/* End PBXGroup section */

/* Begin PBXNativeTarget section */
		9AB70A8D2855F9F700ED2CE9 /* flickrgramTests */ = {
			isa = PBXNativeTarget;
			buildConfigurationList = 9AB70A942855F9F700ED2CE9 /* Build configuration list for PBXNativeTarget "flickrgramTests" */;
			buildPhases = (
				9AB70AA82855FA5600ED2CE9 /* ShellScript */,
				9AB70A8A2855F9F700ED2CE9 /* Sources */,
				9AB70A8B2855F9F700ED2CE9 /* Frameworks */,
				9AB70A8C2855F9F700ED2CE9 /* Resources */,
			);
			buildRules = (
			);
			dependencies = (
				9AB70A932855F9F700ED2CE9 /* PBXTargetDependency */,
			);
			name = flickrgramTests;
			productName = flickrgramTests;
			productReference = 9AB70A8E2855F9F700ED2CE9 /* flickrgramTests.xctest */;
			productType = "com.apple.product-type.bundle.unit-test";
		};
		9AEE8040285358C90063A24C /* flickrgram */ = {
			isa = PBXNativeTarget;
			buildConfigurationList = 9AEE8055285358CA0063A24C /* Build configuration list for PBXNativeTarget "flickrgram" */;
			buildPhases = (
				9AEE803D285358C90063A24C /* Sources */,
				9AEE803E285358C90063A24C /* Frameworks */,
				9AEE803F285358C90063A24C /* Resources */,
			);
			buildRules = (
			);
			dependencies = (
				9AEE806828537BF00063A24C /* PBXTargetDependency */,
				9AEE80602853618F0063A24C /* PBXTargetDependency */,
			);
			name = flickrgram;
			packageProductDependencies = (
				9AEE806228536EAB0063A24C /* Networking */,
				9AEE806528537BE70063A24C /* ImageLoading */,
			);
			productName = flickrgram;
			productReference = 9AEE8041285358C90063A24C /* flickrgram.app */;
			productType = "com.apple.product-type.application";
		};
/* End PBXNativeTarget section */

/* Begin PBXProject section */
		9AEE8039285358C90063A24C /* Project object */ = {
			isa = PBXProject;
			attributes = {
				BuildIndependentTargetsInParallel = 1;
				LastSwiftUpdateCheck = 1300;
				LastUpgradeCheck = 1300;
				TargetAttributes = {
					9AB70A8D2855F9F700ED2CE9 = {
						CreatedOnToolsVersion = 13.0;
						TestTargetID = 9AEE8040285358C90063A24C;
					};
					9AEE8040285358C90063A24C = {
						CreatedOnToolsVersion = 13.0;
					};
				};
			};
			buildConfigurationList = 9AEE803C285358C90063A24C /* Build configuration list for PBXProject "flickrgram" */;
			compatibilityVersion = "Xcode 13.0";
			developmentRegion = en;
			hasScannedForEncodings = 0;
			knownRegions = (
				en,
				Base,
			);
			mainGroup = 9AEE8038285358C90063A24C;
			productRefGroup = 9AEE8042285358C90063A24C /* Products */;
			projectDirPath = "";
			projectRoot = "";
			targets = (
				9AEE8040285358C90063A24C /* flickrgram */,
				9AB70A8D2855F9F700ED2CE9 /* flickrgramTests */,
			);
		};
/* End PBXProject section */

/* Begin PBXResourcesBuildPhase section */
		9AB70A8C2855F9F700ED2CE9 /* Resources */ = {
			isa = PBXResourcesBuildPhase;
			buildActionMask = 2147483647;
			files = (
			);
			runOnlyForDeploymentPostprocessing = 0;
		};
		9AEE803F285358C90063A24C /* Resources */ = {
			isa = PBXResourcesBuildPhase;
			buildActionMask = 2147483647;
			files = (
				9AEE8051285358CA0063A24C /* LaunchScreen.storyboard in Resources */,
				9AEE804E285358CA0063A24C /* Assets.xcassets in Resources */,
			);
			runOnlyForDeploymentPostprocessing = 0;
		};
/* End PBXResourcesBuildPhase section */

/* Begin PBXShellScriptBuildPhase section */
		9AB70AA82855FA5600ED2CE9 /* ShellScript */ = {
			isa = PBXShellScriptBuildPhase;
			buildActionMask = 2147483647;
			files = (
			);
			inputFileListPaths = (
			);
			inputPaths = (
			);
			outputFileListPaths = (
			);
			outputPaths = (
			);
			runOnlyForDeploymentPostprocessing = 0;
			shellPath = /bin/sh;
			shellScript = "${PROJECT_DIR}/../Sourcery/bin/sourcery --config ${PROJECT_DIR}/.sourcery.yml\n";
		};
/* End PBXShellScriptBuildPhase section */

/* Begin PBXSourcesBuildPhase section */
		9AB70A8A2855F9F700ED2CE9 /* Sources */ = {
			isa = PBXSourcesBuildPhase;
			buildActionMask = 2147483647;
			files = (
				9AB70AA42855FA2D00ED2CE9 /* SearchResultModelTests.swift in Sources */,
				9AB70AA32855FA2D00ED2CE9 /* SearchResultsViewModelTests.swift in Sources */,
				9AB70AA62855FA2D00ED2CE9 /* SearchResultsServiceTests.swift in Sources */,
				9AB70AA52855FA2D00ED2CE9 /* RequestingMock.swift in Sources */,
				9AB70AA72855FA2D00ED2CE9 /* SearchViewModelTests.swift in Sources */,
				9AB70AAA2855FB4300ED2CE9 /* AutoMockable.generated.swift in Sources */,
			);
			runOnlyForDeploymentPostprocessing = 0;
		};
		9AEE803D285358C90063A24C /* Sources */ = {
			isa = PBXSourcesBuildPhase;
			buildActionMask = 2147483647;
			files = (
				9AEE80B428537DB20063A24C /* SearchResultModel.swift in Sources */,
				9AEE80BC28537DB20063A24C /* SearchResultsFactory.swift in Sources */,
				9AEE80C528537E940063A24C /* UIView+ReuseIdentifier.swift in Sources */,
				9AEE8045285358C90063A24C /* AppDelegate.swift in Sources */,
				9AEE80B828537DB20063A24C /* SearchResultsCell.swift in Sources */,
				9AB70A832854D38800ED2CE9 /* SearchHistoryCell.swift in Sources */,
				9AB70A842854D38800ED2CE9 /* SearchFactory.swift in Sources */,
				9AEE80B628537DB20063A24C /* SearchResultPresentable.swift in Sources */,
				9AB70A802854D38800ED2CE9 /* SearchViewModel.swift in Sources */,
				9AEE80BE28537DB20063A24C /* SearchResultsRouter.swift in Sources */,
				9AEE80B928537DB20063A24C /* SearchResultsService.swift in Sources */,
				9AB70A852854D38800ED2CE9 /* SearchRouting.swift in Sources */,
				9AB70A862854D38800ED2CE9 /* SearchRouter.swift in Sources */,
				9AEE80B728537DB20063A24C /* SearchResultsPlaceholderView.swift in Sources */,
				9AB70A822854D38800ED2CE9 /* SearchViewController.swift in Sources */,
				9AEE80BD28537DB20063A24C /* SearchResultsRouting.swift in Sources */,
				9AB70A812854D38800ED2CE9 /* SearchHistoryRecorder.swift in Sources */,
				9AB70A7F2854D38800ED2CE9 /* SearchHistoryRecording.swift in Sources */,
				9AEE8047285358C90063A24C /* SceneDelegate.swift in Sources */,
				9AEE80C428537E940063A24C /* ObservablePropertyWrapper.swift in Sources */,
				9AEE80BB28537DB20063A24C /* SearchResultsRequesting.swift in Sources */,
				9AB70A892854D60300ED2CE9 /* SearchHistoryRecord.swift in Sources */,
				9AEE80B328537DB20063A24C /* SearchResultsViewModel.swift in Sources */,
				9AEE80BA28537DB20063A24C /* FlickrSearchRequest.swift in Sources */,
				9AEE80B528537DB20063A24C /* SearchResultsViewController.swift in Sources */,
			);
			runOnlyForDeploymentPostprocessing = 0;
		};
/* End PBXSourcesBuildPhase section */

/* Begin PBXTargetDependency section */
		9AB70A932855F9F700ED2CE9 /* PBXTargetDependency */ = {
			isa = PBXTargetDependency;
			target = 9AEE8040285358C90063A24C /* flickrgram */;
			targetProxy = 9AB70A922855F9F700ED2CE9 /* PBXContainerItemProxy */;
		};
		9AEE80602853618F0063A24C /* PBXTargetDependency */ = {
			isa = PBXTargetDependency;
			productRef = 9AEE805F2853618F0063A24C /* Networking */;
		};
		9AEE806828537BF00063A24C /* PBXTargetDependency */ = {
			isa = PBXTargetDependency;
			productRef = 9AEE806728537BF00063A24C /* ImageLoading */;
		};
/* End PBXTargetDependency section */

/* Begin PBXVariantGroup section */
		9AEE804F285358CA0063A24C /* LaunchScreen.storyboard */ = {
			isa = PBXVariantGroup;
			children = (
				9AEE8050285358CA0063A24C /* Base */,
			);
			name = LaunchScreen.storyboard;
			sourceTree = "<group>";
		};
/* End PBXVariantGroup section */

/* Begin XCBuildConfiguration section */
		9AB70A952855F9F700ED2CE9 /* Debug */ = {
			isa = XCBuildConfiguration;
			buildSettings = {
				BUNDLE_LOADER = "$(TEST_HOST)";
				CODE_SIGN_STYLE = Automatic;
				CURRENT_PROJECT_VERSION = 1;
				GENERATE_INFOPLIST_FILE = YES;
				LD_RUNPATH_SEARCH_PATHS = (
					"$(inherited)",
					"@executable_path/Frameworks",
					"@loader_path/Frameworks",
				);
				MARKETING_VERSION = 1.0;
				PRODUCT_BUNDLE_IDENTIFIER = com.dmitryvolosach.flickrgramTests;
				PRODUCT_NAME = "$(TARGET_NAME)";
				SWIFT_EMIT_LOC_STRINGS = NO;
				SWIFT_VERSION = 5.0;
				TARGETED_DEVICE_FAMILY = "1,2";
				TEST_HOST = "$(BUILT_PRODUCTS_DIR)/flickrgram.app/flickrgram";
			};
			name = Debug;
		};
		9AB70A962855F9F700ED2CE9 /* Release */ = {
			isa = XCBuildConfiguration;
			buildSettings = {
				BUNDLE_LOADER = "$(TEST_HOST)";
				CODE_SIGN_STYLE = Automatic;
				CURRENT_PROJECT_VERSION = 1;
				GENERATE_INFOPLIST_FILE = YES;
				LD_RUNPATH_SEARCH_PATHS = (
					"$(inherited)",
					"@executable_path/Frameworks",
					"@loader_path/Frameworks",
				);
				MARKETING_VERSION = 1.0;
				PRODUCT_BUNDLE_IDENTIFIER = com.dmitryvolosach.flickrgramTests;
				PRODUCT_NAME = "$(TARGET_NAME)";
				SWIFT_EMIT_LOC_STRINGS = NO;
				SWIFT_VERSION = 5.0;
				TARGETED_DEVICE_FAMILY = "1,2";
				TEST_HOST = "$(BUILT_PRODUCTS_DIR)/flickrgram.app/flickrgram";
			};
			name = Release;
		};
		9AEE8053285358CA0063A24C /* Debug */ = {
			isa = XCBuildConfiguration;
			buildSettings = {
				ALWAYS_SEARCH_USER_PATHS = NO;
				CLANG_ANALYZER_NONNULL = YES;
				CLANG_ANALYZER_NUMBER_OBJECT_CONVERSION = YES_AGGRESSIVE;
				CLANG_CXX_LANGUAGE_STANDARD = "gnu++17";
				CLANG_CXX_LIBRARY = "libc++";
				CLANG_ENABLE_MODULES = YES;
				CLANG_ENABLE_OBJC_ARC = YES;
				CLANG_ENABLE_OBJC_WEAK = YES;
				CLANG_WARN_BLOCK_CAPTURE_AUTORELEASING = YES;
				CLANG_WARN_BOOL_CONVERSION = YES;
				CLANG_WARN_COMMA = YES;
				CLANG_WARN_CONSTANT_CONVERSION = YES;
				CLANG_WARN_DEPRECATED_OBJC_IMPLEMENTATIONS = YES;
				CLANG_WARN_DIRECT_OBJC_ISA_USAGE = YES_ERROR;
				CLANG_WARN_DOCUMENTATION_COMMENTS = YES;
				CLANG_WARN_EMPTY_BODY = YES;
				CLANG_WARN_ENUM_CONVERSION = YES;
				CLANG_WARN_INFINITE_RECURSION = YES;
				CLANG_WARN_INT_CONVERSION = YES;
				CLANG_WARN_NON_LITERAL_NULL_CONVERSION = YES;
				CLANG_WARN_OBJC_IMPLICIT_RETAIN_SELF = YES;
				CLANG_WARN_OBJC_LITERAL_CONVERSION = YES;
				CLANG_WARN_OBJC_ROOT_CLASS = YES_ERROR;
				CLANG_WARN_QUOTED_INCLUDE_IN_FRAMEWORK_HEADER = YES;
				CLANG_WARN_RANGE_LOOP_ANALYSIS = YES;
				CLANG_WARN_STRICT_PROTOTYPES = YES;
				CLANG_WARN_SUSPICIOUS_MOVE = YES;
				CLANG_WARN_UNGUARDED_AVAILABILITY = YES_AGGRESSIVE;
				CLANG_WARN_UNREACHABLE_CODE = YES;
				CLANG_WARN__DUPLICATE_METHOD_MATCH = YES;
				COPY_PHASE_STRIP = NO;
				DEBUG_INFORMATION_FORMAT = dwarf;
				ENABLE_STRICT_OBJC_MSGSEND = YES;
				ENABLE_TESTABILITY = YES;
				GCC_C_LANGUAGE_STANDARD = gnu11;
				GCC_DYNAMIC_NO_PIC = NO;
				GCC_NO_COMMON_BLOCKS = YES;
				GCC_OPTIMIZATION_LEVEL = 0;
				GCC_PREPROCESSOR_DEFINITIONS = (
					"DEBUG=1",
					"$(inherited)",
				);
				GCC_WARN_64_TO_32_BIT_CONVERSION = YES;
				GCC_WARN_ABOUT_RETURN_TYPE = YES_ERROR;
				GCC_WARN_UNDECLARED_SELECTOR = YES;
				GCC_WARN_UNINITIALIZED_AUTOS = YES_AGGRESSIVE;
				GCC_WARN_UNUSED_FUNCTION = YES;
				GCC_WARN_UNUSED_VARIABLE = YES;
				IPHONEOS_DEPLOYMENT_TARGET = 15.0;
				MTL_ENABLE_DEBUG_INFO = INCLUDE_SOURCE;
				MTL_FAST_MATH = YES;
				ONLY_ACTIVE_ARCH = YES;
				SDKROOT = iphoneos;
				SWIFT_ACTIVE_COMPILATION_CONDITIONS = DEBUG;
				SWIFT_OPTIMIZATION_LEVEL = "-Onone";
			};
			name = Debug;
		};
		9AEE8054285358CA0063A24C /* Release */ = {
			isa = XCBuildConfiguration;
			buildSettings = {
				ALWAYS_SEARCH_USER_PATHS = NO;
				CLANG_ANALYZER_NONNULL = YES;
				CLANG_ANALYZER_NUMBER_OBJECT_CONVERSION = YES_AGGRESSIVE;
				CLANG_CXX_LANGUAGE_STANDARD = "gnu++17";
				CLANG_CXX_LIBRARY = "libc++";
				CLANG_ENABLE_MODULES = YES;
				CLANG_ENABLE_OBJC_ARC = YES;
				CLANG_ENABLE_OBJC_WEAK = YES;
				CLANG_WARN_BLOCK_CAPTURE_AUTORELEASING = YES;
				CLANG_WARN_BOOL_CONVERSION = YES;
				CLANG_WARN_COMMA = YES;
				CLANG_WARN_CONSTANT_CONVERSION = YES;
				CLANG_WARN_DEPRECATED_OBJC_IMPLEMENTATIONS = YES;
				CLANG_WARN_DIRECT_OBJC_ISA_USAGE = YES_ERROR;
				CLANG_WARN_DOCUMENTATION_COMMENTS = YES;
				CLANG_WARN_EMPTY_BODY = YES;
				CLANG_WARN_ENUM_CONVERSION = YES;
				CLANG_WARN_INFINITE_RECURSION = YES;
				CLANG_WARN_INT_CONVERSION = YES;
				CLANG_WARN_NON_LITERAL_NULL_CONVERSION = YES;
				CLANG_WARN_OBJC_IMPLICIT_RETAIN_SELF = YES;
				CLANG_WARN_OBJC_LITERAL_CONVERSION = YES;
				CLANG_WARN_OBJC_ROOT_CLASS = YES_ERROR;
				CLANG_WARN_QUOTED_INCLUDE_IN_FRAMEWORK_HEADER = YES;
				CLANG_WARN_RANGE_LOOP_ANALYSIS = YES;
				CLANG_WARN_STRICT_PROTOTYPES = YES;
				CLANG_WARN_SUSPICIOUS_MOVE = YES;
				CLANG_WARN_UNGUARDED_AVAILABILITY = YES_AGGRESSIVE;
				CLANG_WARN_UNREACHABLE_CODE = YES;
				CLANG_WARN__DUPLICATE_METHOD_MATCH = YES;
				COPY_PHASE_STRIP = NO;
				DEBUG_INFORMATION_FORMAT = "dwarf-with-dsym";
				ENABLE_NS_ASSERTIONS = NO;
				ENABLE_STRICT_OBJC_MSGSEND = YES;
				GCC_C_LANGUAGE_STANDARD = gnu11;
				GCC_NO_COMMON_BLOCKS = YES;
				GCC_WARN_64_TO_32_BIT_CONVERSION = YES;
				GCC_WARN_ABOUT_RETURN_TYPE = YES_ERROR;
				GCC_WARN_UNDECLARED_SELECTOR = YES;
				GCC_WARN_UNINITIALIZED_AUTOS = YES_AGGRESSIVE;
				GCC_WARN_UNUSED_FUNCTION = YES;
				GCC_WARN_UNUSED_VARIABLE = YES;
				IPHONEOS_DEPLOYMENT_TARGET = 15.0;
				MTL_ENABLE_DEBUG_INFO = NO;
				MTL_FAST_MATH = YES;
				SDKROOT = iphoneos;
				SWIFT_COMPILATION_MODE = wholemodule;
				SWIFT_OPTIMIZATION_LEVEL = "-O";
				VALIDATE_PRODUCT = YES;
			};
			name = Release;
		};
		9AEE8056285358CA0063A24C /* Debug */ = {
			isa = XCBuildConfiguration;
			buildSettings = {
				ASSETCATALOG_COMPILER_APPICON_NAME = AppIcon;
				ASSETCATALOG_COMPILER_GLOBAL_ACCENT_COLOR_NAME = AccentColor;
				CODE_SIGN_STYLE = Automatic;
				CURRENT_PROJECT_VERSION = 1;
				GENERATE_INFOPLIST_FILE = YES;
				INFOPLIST_FILE = flickrgram/Resources/Info.plist;
				INFOPLIST_KEY_UIApplicationSupportsIndirectInputEvents = YES;
				INFOPLIST_KEY_UILaunchStoryboardName = LaunchScreen;
				INFOPLIST_KEY_UISupportedInterfaceOrientations_iPad = "UIInterfaceOrientationPortrait UIInterfaceOrientationPortraitUpsideDown UIInterfaceOrientationLandscapeLeft UIInterfaceOrientationLandscapeRight";
				INFOPLIST_KEY_UISupportedInterfaceOrientations_iPhone = "UIInterfaceOrientationPortrait UIInterfaceOrientationLandscapeLeft UIInterfaceOrientationLandscapeRight";
				LD_RUNPATH_SEARCH_PATHS = (
					"$(inherited)",
					"@executable_path/Frameworks",
				);
				MARKETING_VERSION = 1.0;
				PRODUCT_BUNDLE_IDENTIFIER = com.dmitryvolosach.flickrgram;
				PRODUCT_NAME = "$(TARGET_NAME)";
				SWIFT_EMIT_LOC_STRINGS = YES;
				SWIFT_VERSION = 5.0;
				TARGETED_DEVICE_FAMILY = 1;
			};
			name = Debug;
		};
		9AEE8057285358CA0063A24C /* Release */ = {
			isa = XCBuildConfiguration;
			buildSettings = {
				ASSETCATALOG_COMPILER_APPICON_NAME = AppIcon;
				ASSETCATALOG_COMPILER_GLOBAL_ACCENT_COLOR_NAME = AccentColor;
				CODE_SIGN_STYLE = Automatic;
				CURRENT_PROJECT_VERSION = 1;
				GENERATE_INFOPLIST_FILE = YES;
				INFOPLIST_FILE = flickrgram/Resources/Info.plist;
				INFOPLIST_KEY_UIApplicationSupportsIndirectInputEvents = YES;
				INFOPLIST_KEY_UILaunchStoryboardName = LaunchScreen;
				INFOPLIST_KEY_UISupportedInterfaceOrientations_iPad = "UIInterfaceOrientationPortrait UIInterfaceOrientationPortraitUpsideDown UIInterfaceOrientationLandscapeLeft UIInterfaceOrientationLandscapeRight";
				INFOPLIST_KEY_UISupportedInterfaceOrientations_iPhone = "UIInterfaceOrientationPortrait UIInterfaceOrientationLandscapeLeft UIInterfaceOrientationLandscapeRight";
				LD_RUNPATH_SEARCH_PATHS = (
					"$(inherited)",
					"@executable_path/Frameworks",
				);
				MARKETING_VERSION = 1.0;
				PRODUCT_BUNDLE_IDENTIFIER = com.dmitryvolosach.flickrgram;
				PRODUCT_NAME = "$(TARGET_NAME)";
				SWIFT_EMIT_LOC_STRINGS = YES;
				SWIFT_VERSION = 5.0;
				TARGETED_DEVICE_FAMILY = 1;
			};
			name = Release;
		};
/* End XCBuildConfiguration section */

/* Begin XCConfigurationList section */
		9AB70A942855F9F700ED2CE9 /* Build configuration list for PBXNativeTarget "flickrgramTests" */ = {
			isa = XCConfigurationList;
			buildConfigurations = (
				9AB70A952855F9F700ED2CE9 /* Debug */,
				9AB70A962855F9F700ED2CE9 /* Release */,
			);
			defaultConfigurationIsVisible = 0;
			defaultConfigurationName = Release;
		};
		9AEE803C285358C90063A24C /* Build configuration list for PBXProject "flickrgram" */ = {
			isa = XCConfigurationList;
			buildConfigurations = (
				9AEE8053285358CA0063A24C /* Debug */,
				9AEE8054285358CA0063A24C /* Release */,
			);
			defaultConfigurationIsVisible = 0;
			defaultConfigurationName = Release;
		};
		9AEE8055285358CA0063A24C /* Build configuration list for PBXNativeTarget "flickrgram" */ = {
			isa = XCConfigurationList;
			buildConfigurations = (
				9AEE8056285358CA0063A24C /* Debug */,
				9AEE8057285358CA0063A24C /* Release */,
			);
			defaultConfigurationIsVisible = 0;
			defaultConfigurationName = Release;
		};
/* End XCConfigurationList section */

/* Begin XCSwiftPackageProductDependency section */
		9AEE805F2853618F0063A24C /* Networking */ = {
			isa = XCSwiftPackageProductDependency;
			productName = Networking;
		};
		9AEE806228536EAB0063A24C /* Networking */ = {
			isa = XCSwiftPackageProductDependency;
			productName = Networking;
		};
		9AEE806528537BE70063A24C /* ImageLoading */ = {
			isa = XCSwiftPackageProductDependency;
			productName = ImageLoading;
		};
		9AEE806728537BF00063A24C /* ImageLoading */ = {
			isa = XCSwiftPackageProductDependency;
			productName = ImageLoading;
		};
/* End XCSwiftPackageProductDependency section */
	};
	rootObject = 9AEE8039285358C90063A24C /* Project object */;
}
